
Microsoft Visual Studio Solution File, Format Version 12.00
# Visual Studio 2017
Project("{FAE04EC0-301F-11D3-BF4B-00C04F79EFBC}") = "NaVR", "NaVR.csproj", "{FB3A3D5B-0AA3-690A-43B3-1984F7BA58B1}"
EndProject
Project("{FAE04EC0-301F-11D3-BF4B-00C04F79EFBC}") = "NaVR.Editor", "NaVR.Editor.csproj", "{025EA4E2-1DEB-5D34-6AA6-971AC34D7562}"
EndProject
Global
	GlobalSection(SolutionConfigurationPlatforms) = preSolution
		Debug|Any CPU = Debug|Any CPU
		Release|Any CPU = Release|Any CPU
	EndGlobalSection
	GlobalSection(ProjectConfigurationPlatforms) = postSolution
		{FB3A3D5B-0AA3-690A-43B3-1984F7BA58B1}.Debug|Any CPU.ActiveCfg = Debug|Any CPU
		{FB3A3D5B-0AA3-690A-43B3-1984F7BA58B1}.Debug|Any CPU.Build.0 = Debug|Any CPU
		{FB3A3D5B-0AA3-690A-43B3-1984F7BA58B1}.Release|Any CPU.ActiveCfg = Release|Any CPU
		{FB3A3D5B-0AA3-690A-43B3-1984F7BA58B1}.Release|Any CPU.Build.0 = Release|Any CPU
		{025EA4E2-1DEB-5D34-6AA6-971AC34D7562}.Debug|Any CPU.ActiveCfg = Debug|Any CPU
		{025EA4E2-1DEB-5D34-6AA6-971AC34D7562}.Debug|Any CPU.Build.0 = Debug|Any CPU
		{025EA4E2-1DEB-5D34-6AA6-971AC34D7562}.Release|Any CPU.ActiveCfg = Release|Any CPU
		{025EA4E2-1DEB-5D34-6AA6-971AC34D7562}.Release|Any CPU.Build.0 = Release|Any CPU
	EndGlobalSection
	GlobalSection(SolutionProperties) = preSolution
		HideSolutionNode = FALSE
	EndGlobalSection
EndGlobal
